
Microsoft Visual Studio Solution File, Format Version 12.00
# Visual Studio Version 17
VisualStudioVersion = 17.0.31903.59
MinimumVisualStudioVersion = 10.0.40219.1
Project("{FAE04EC0-301F-11D3-BF4B-00C04F79EFBC}") = "AuthHost", "AuthHost\AuthHost.csproj", "{EA347E68-5E37-48B5-92E8-467ED8271BAF}"
EndProject
Global
	GlobalSection(SolutionConfigurationPlatforms) = preSolution
		Debug|Any CPU = Debug|Any CPU
		Release|Any CPU = Release|Any CPU
	EndGlobalSection
	GlobalSection(SolutionProperties) = preSolution
		HideSolutionNode = FALSE
	EndGlobalSection
	GlobalSection(ProjectConfigurationPlatforms) = postSolution
		{EA347E68-5E37-48B5-92E8-467ED8271BAF}.Debug|Any CPU.ActiveCfg = Debug|Any CPU
		{EA347E68-5E37-48B5-92E8-467ED8271BAF}.Debug|Any CPU.Build.0 = Debug|Any CPU
		{EA347E68-5E37-48B5-92E8-467ED8271BAF}.Release|Any CPU.ActiveCfg = Release|Any CPU
		{EA347E68-5E37-48B5-92E8-467ED8271BAF}.Release|Any CPU.Build.0 = Release|Any CPU
	EndGlobalSection
EndGlobal
